# THIS IS AN AUTOGENERATED FILE. DO NOT EDIT THIS FILE DIRECTLY.
# yarn lockfile v1


babel-runtime@^6.26.0:
  version "6.26.0"
  resolved "https://registry.yarnpkg.com/babel-runtime/-/babel-runtime-6.26.0.tgz#965c7058668e82b55d7bfe04ff2337bc8b5647fe"
  integrity sha1-llxwWGaOgrVde/4E/yM3vItWR/4=
  dependencies:
    core-js "^2.4.0"
    regenerator-runtime "^0.11.0"

core-js@^2.4.0:
  version "2.6.12"
  resolved "https://registry.yarnpkg.com/core-js/-/core-js-2.6.12.tgz#d9333dfa7b065e347cc5682219d6f690859cc2ec"
  integrity sha512-Kb2wC0fvsWfQrgk8HU5lW6U/Lcs8+9aaYcy4ZFc6DDlo4nZ7n70dEgE5rtR0oG6ufKDUnrwfWL1mXR5ljDatrQ==

cross-env@~7.0.3:
  version "7.0.3"
  resolved "https://registry.yarnpkg.com/cross-env/-/cross-env-7.0.3.tgz#865264b29677dc015ba8418918965dd232fc54cf"
  integrity sha512-+/HKd6EgcQCJGh2PSjZuUitQBQynKor4wrFbRg4DtAgS1aWO+gU52xpH7M9ScGgXSYmAVS9bIJ8EzuaGw0oNAw==
  dependencies:
    cross-spawn "^7.0.1"

cross-spawn@^7.0.1:
  version "7.0.3"
  resolved "https://registry.yarnpkg.com/cross-spawn/-/cross-spawn-7.0.3.tgz#f73a85b9d5d41d045551c177e2882d4ac85728a6"
  integrity sha512-iRDPJKUPVEND7dHPO8rkbOnPpyDygcDFtWjpeWNCgy8WP2rXcxXL8TskReQl6OrB2G7+UJrags1q15Fudc7G6w==
  dependencies:
    path-key "^3.1.0"
    shebang-command "^2.0.0"
    which "^2.0.1"

esm@~3.1.2:
  version "3.1.4"
  resolved "https://registry.yarnpkg.com/esm/-/esm-3.1.4.tgz#d75f7c1b16e5be57e0446c267d8c0fda9566983d"
  integrity sha512-GScwIz0110RTNzBmAQEdqaAYkD9zVhj2Jo+jeizjIcdyTw+C6S0Zv/dlPYgfF41hRTu2f1vQYliubzIkusx2gA==

immer@~9.0.1:
  version "9.0.1"
  resolved "https://registry.yarnpkg.com/immer/-/immer-9.0.1.tgz#1116368e051f9a0fd188c5136b6efb74ed69c57f"
  integrity sha512-7CCw1DSgr8kKYXTYOI1qMM/f5qxT5vIVMeGLDCDX8CSxsggr1Sjdoha4OhsP0AZ1UvWbyZlILHvLjaynuu02Mg==

immutable@~4.0.0-rc.12:
  version "4.0.0-rc.12"
  resolved "https://registry.yarnpkg.com/immutable/-/immutable-4.0.0-rc.12.tgz#ca59a7e4c19ae8d9bf74a97bdf0f6e2f2a5d0217"
  integrity sha512-0M2XxkZLx/mi3t8NVwIm1g8nHoEmM9p9UBl/G9k4+hm0kBgOVdMV/B3CY5dQ8qG8qc80NN4gDV4HQv6FTJ5q7A==

immutadot-parser@^2.0.0-alpha.1:
  version "2.0.0-alpha.1"
  resolved "https://registry.yarnpkg.com/immutadot-parser/-/immutadot-parser-2.0.0-alpha.1.tgz#4a6f082c1417066d2712d6f20be2211ce8d93fb6"
  integrity sha512-65+9/FRFWah+eWgpw+EDxI1SFO27f7egLjcK3vtp5rYe3YowoX3Vm5nPlIsh8B9HpNgWIc3NOa+iAYMWbPVRxA==
  dependencies:
    esm "~3.1.2"

"immutadot1@npm:immutadot@~1.0.0":
  version "1.0.0"
  resolved "https://registry.yarnpkg.com/immutadot/-/immutadot-1.0.0.tgz#9d99bffde37666755aff0b6f9cb7df8e5a4b4231"
  integrity sha1-nZm//eN2ZnVa/wtvnLffjlpLQjE=
  dependencies:
    babel-runtime "^6.26.0"

"immutadot2@npm:immutadot@2.0.0-alpha.2":
  version "2.0.0-alpha.2"
  resolved "https://registry.yarnpkg.com/immutadot/-/immutadot-2.0.0-alpha.2.tgz#c225d05fe4a03bb46186aa3efbbad8fed2b0dc0e"
  integrity sha512-uJn4fSWA3/2761o0TfC0+kXrxs0xBcW6BITCYdO9s4oO2thpMVlEukEK+ys1A9xuFS0sHw4XmcU/5YTh6nUvYg==
  dependencies:
    babel-runtime "^6.26.0"
    immutadot-parser "^2.0.0-alpha.1"

"immutadot3@file:../immutadot":
  version "3.0.0-alpha.2"

isexe@^2.0.0:
  version "2.0.0"
  resolved "https://registry.yarnpkg.com/isexe/-/isexe-2.0.0.tgz#e8fbf374dc556ff8947a10dcb0572d633f2cfa10"
  integrity sha1-6PvzdNxVb/iUehDcsFctYz8s+hA=

object-assign@^4.1.0:
  version "4.1.1"
  resolved "https://registry.yarnpkg.com/object-assign/-/object-assign-4.1.1.tgz#2109adc7965887cfc05cbbd442cac8bfbb360863"
  integrity sha1-IQmtx5ZYh8/AXLvUQsrIv7s2CGM=

path-key@^3.1.0:
  version "3.1.1"
  resolved "https://registry.yarnpkg.com/path-key/-/path-key-3.1.1.tgz#581f6ade658cbba65a0d3380de7753295054f375"
  integrity sha512-ojmeN0qd+y0jszEtoY48r0Peq5dwMEkIlCOu6Q5f41lfkswXuKtYrhgoTpLnyIcHm24Uhqx+5Tqm2InSwLhE6Q==

qim@~0.0.52:
  version "0.0.52"
  resolved "https://registry.yarnpkg.com/qim/-/qim-0.0.52.tgz#d18b114b3334ed32021e2f5a7badf3eab6dea188"
  integrity sha1-0YsRSzM07TICHi9ae63z6rbeoYg=
  dependencies:
    object-assign "^4.1.0"

regenerator-runtime@^0.11.0:
  version "0.11.1"
  resolved "https://registry.yarnpkg.com/regenerator-runtime/-/regenerator-runtime-0.11.1.tgz#be05ad7f9bf7d22e056f9726cee5017fbf19e2e9"
  integrity sha512-MguG95oij0fC3QV3URf4V2SDYGJhJnJGqvIIgdECeODCT98wSWDAJ94SSuVpYQUoTcGUIL6L4yNB7j1DFFHSBg==

seamless-immutable@~7.1.4:
  version "7.1.4"
  resolved "https://registry.yarnpkg.com/seamless-immutable/-/seamless-immutable-7.1.4.tgz#6e9536def083ddc4dea0207d722e0e80d0f372f8"
  integrity sha512-XiUO1QP4ki4E2PHegiGAlu6r82o5A+6tRh7IkGGTVg/h+UoeX4nFBeCGPOhb4CYjvkqsfm/TUtvOMYC1xmV30A==

shebang-command@^2.0.0:
  version "2.0.0"
  resolved "https://registry.yarnpkg.com/shebang-command/-/shebang-command-2.0.0.tgz#ccd0af4f8835fbdc265b82461aaf0c36663f34ea"
  integrity sha512-kHxr2zZpYtdmrN1qDjrrX/Z1rR1kG8Dx+gkpK1G4eXmvXswmcE1hTWBWYUzlraYw1/yZp6YuDY77YtvbN0dmDA==
  dependencies:
    shebang-regex "^3.0.0"

shebang-regex@^3.0.0:
  version "3.0.0"
  resolved "https://registry.yarnpkg.com/shebang-regex/-/shebang-regex-3.0.0.tgz#ae16f1644d873ecad843b0307b143362d4c42172"
  integrity sha512-7++dFhtcx3353uBaq8DDR4NuxBetBzC7ZQOhmTQInHEd6bSrXdiEyzCvG07Z44UYdLShWUyXt5M/yhz8ekcb1A==

which@^2.0.1:
  version "2.0.2"
  resolved "https://registry.yarnpkg.com/which/-/which-2.0.2.tgz#7c6a8dd0a636a0327e10b59c9286eee93f3f51b1"
  integrity sha512-BLI3Tl1TW3Pvl70l3yq3Y64i+awpwXqsGBYWkkqMtnbXgrMD+yj7rhW0kuEDxzJaYXGjEW5ogapKNMEKNMjibA==
  dependencies:
    isexe "^2.0.0"
